
Microsoft Visual Studio Solution File, Format Version 12.00
# Visual Studio Version 17
VisualStudioVersion = 17.1.32210.238
MinimumVisualStudioVersion = 10.0.40219.1
Project("{9A19103F-16F7-4668-BE54-9A1E7A4F7556}") = "Lombiq.Analyzers.PowerShell", "Lombiq.Analyzers.PowerShell\Lombiq.Analyzers.PowerShell.csproj", "{8802AF0F-D4CA-4ABA-8408-F4433013FF7B}"
EndProject
Project("{2150E333-8FDC-42A3-9474-1A3956D46DE8}") = ".github", ".github", "{EADCC928-7BDD-4C7B-BE6D-DE7AB7FBE9E8}"
EndProject
Project("{2150E333-8FDC-42A3-9474-1A3956D46DE8}") = "actions", "actions", "{7F68EBBA-0FF3-41EA-BD58-CD004B91FD9A}"
EndProject
Project("{2150E333-8FDC-42A3-9474-1A3956D46DE8}") = "workflows", "workflows", "{52D3AA9F-0817-49A1-A69E-DE9CB99D1237}"
	ProjectSection(SolutionItems) = preProject
		.github\workflows\create-jira-issues-for-community-activities.yml = .github\workflows\create-jira-issues-for-community-activities.yml
		.github\workflows\publish-nuget.yml = .github\workflows\publish-nuget.yml
		.github\workflows\static-code-analysis-this-repo.yml = .github\workflows\static-code-analysis-this-repo.yml
		.github\workflows\static-code-analysis.yml = .github\workflows\static-code-analysis.yml
		.github\workflows\test-analysis-failure.yml = .github\workflows\test-analysis-failure.yml
		.github\workflows\validate-submodule-pull-request.yml = .github\workflows\validate-submodule-pull-request.yml
	EndProjectSection
EndProject
Project("{2150E333-8FDC-42A3-9474-1A3956D46DE8}") = "static-code-analysis", "static-code-analysis", "{358F2DC0-8AD9-4D95-953A-682716683C34}"
	ProjectSection(SolutionItems) = preProject
		.github\actions\static-code-analysis\action.yml = .github\actions\static-code-analysis\action.yml
	EndProjectSection
EndProject
Global
	GlobalSection(SolutionConfigurationPlatforms) = preSolution
		Debug|Any CPU = Debug|Any CPU
		Release|Any CPU = Release|Any CPU
	EndGlobalSection
	GlobalSection(ProjectConfigurationPlatforms) = postSolution
		{8802AF0F-D4CA-4ABA-8408-F4433013FF7B}.Debug|Any CPU.ActiveCfg = Debug|Any CPU
		{8802AF0F-D4CA-4ABA-8408-F4433013FF7B}.Debug|Any CPU.Build.0 = Debug|Any CPU
		{8802AF0F-D4CA-4ABA-8408-F4433013FF7B}.Release|Any CPU.ActiveCfg = Release|Any CPU
		{8802AF0F-D4CA-4ABA-8408-F4433013FF7B}.Release|Any CPU.Build.0 = Release|Any CPU
	EndGlobalSection
	GlobalSection(SolutionProperties) = preSolution
		HideSolutionNode = FALSE
	EndGlobalSection
	GlobalSection(NestedProjects) = preSolution
		{7F68EBBA-0FF3-41EA-BD58-CD004B91FD9A} = {EADCC928-7BDD-4C7B-BE6D-DE7AB7FBE9E8}
		{52D3AA9F-0817-49A1-A69E-DE9CB99D1237} = {EADCC928-7BDD-4C7B-BE6D-DE7AB7FBE9E8}
		{358F2DC0-8AD9-4D95-953A-682716683C34} = {7F68EBBA-0FF3-41EA-BD58-CD004B91FD9A}
	EndGlobalSection
	GlobalSection(ExtensibilityGlobals) = postSolution
		SolutionGuid = {4EC68381-6918-49B8-83EA-74C87E8AA97E}
	EndGlobalSection
EndGlobal
