
Microsoft Visual Studio Solution File, Format Version 12.00
# Visual Studio Version 16
VisualStudioVersion = 16.0.30114.105
MinimumVisualStudioVersion = 10.0.40219.1
Project("{FAE04EC0-301F-11D3-BF4B-00C04F79EFBC}") = "Lombiq.Analyzers.PowerShell.ProjectReference", "Lombiq.Analyzers.PowerShell.ProjectReference.csproj", "{57400897-ACE7-430F-9C08-19485F1FD523}"
EndProject
Project("{FAE04EC0-301F-11D3-BF4B-00C04F79EFBC}") = "Lombiq.Analyzers.PowerShell", "..\..\Lombiq.Analyzers.PowerShell\Lombiq.Analyzers.PowerShell.csproj", "{F6C7C24E-AAD4-49A3-BBF0-9B123C8E133C}"
EndProject
Global
	GlobalSection(SolutionConfigurationPlatforms) = preSolution
		Debug|Any CPU = Debug|Any CPU
		Release|Any CPU = Release|Any CPU
	EndGlobalSection
	GlobalSection(SolutionProperties) = preSolution
		HideSolutionNode = FALSE
	EndGlobalSection
	GlobalSection(ProjectConfigurationPlatforms) = postSolution
		{57400897-ACE7-430F-9C08-19485F1FD523}.Debug|Any CPU.ActiveCfg = Debug|Any CPU
		{57400897-ACE7-430F-9C08-19485F1FD523}.Debug|Any CPU.Build.0 = Debug|Any CPU
		{57400897-ACE7-430F-9C08-19485F1FD523}.Release|Any CPU.ActiveCfg = Release|Any CPU
		{57400897-ACE7-430F-9C08-19485F1FD523}.Release|Any CPU.Build.0 = Release|Any CPU
		{F6C7C24E-AAD4-49A3-BBF0-9B123C8E133C}.Debug|Any CPU.ActiveCfg = Debug|Any CPU
		{F6C7C24E-AAD4-49A3-BBF0-9B123C8E133C}.Debug|Any CPU.Build.0 = Debug|Any CPU
		{F6C7C24E-AAD4-49A3-BBF0-9B123C8E133C}.Release|Any CPU.ActiveCfg = Release|Any CPU
		{F6C7C24E-AAD4-49A3-BBF0-9B123C8E133C}.Release|Any CPU.Build.0 = Release|Any CPU
	EndGlobalSection
EndGlobal
